// !$*UTF8*$!
{
	archiveVersion = 1;
	classes = {};
	objectVersion = 56;
	objects = {

/* Begin PBXBuildFile section */
		92403CA2D0B757B9BC89B4A9 /* FarCoolerApp.swift in Sources */ = {isa = PBXBuildFile; fileRef = E9BF3AAC150B500C9EAD8938; };
		8B5C0FC2ED375C12A0F3BBF5 /* AddFlow.swift in Sources */ = {isa = PBXBuildFile; fileRef = 56152FA8F794597AA7004A32; };
		27EA95179D065D9983BF4169 /* ClientCore.swift in Sources */ = {isa = PBXBuildFile; fileRef = 09A28730BB825CEAA6A39E6F; };
		4AD1D989FF065475986EA623 /* Connection.swift in Sources */ = {isa = PBXBuildFile; fileRef = 2DCFAB04585F583393DD034B; };
		5BB1AFAEDB7E5F77AC2B24D0 /* FleetSnapshotWriter.swift in Sources */ = {isa = PBXBuildFile; fileRef = AB263AD5BF0E50369C8F5A65; };
		B7B7E8CABF6354C393CCA4AA /* FleetView.swift in Sources */ = {isa = PBXBuildFile; fileRef = F342BD83956A52AFA8E283D4; };
		9F5AA511436B5EA797092474 /* Model.swift in Sources */ = {isa = PBXBuildFile; fileRef = 4ABF4CE4F60F5562A55DABDA; };
		65BC051A08EB52D1925F8E13 /* Notifications.swift in Sources */ = {isa = PBXBuildFile; fileRef = 187F8E7EBB055EE28B4E67E0; };
		7423900B94565142B7F0ECA2 /* LiveActivities.swift in Sources */ = {isa = PBXBuildFile; fileRef = 2DA0715B4C1755E399CDEF4E; };
		0477432E534753A0B759DC6F /* Reachability.swift in Sources */ = {isa = PBXBuildFile; fileRef = 2C039D3E60E15306853FA113; };
		6D4A0EFB0B5D560DAFE9179A /* Settings.swift in Sources */ = {isa = PBXBuildFile; fileRef = 2B544A71636558E0931C038F; };
		14CC0B48DA7A59509BAB17BF /* Store.swift in Sources */ = {isa = PBXBuildFile; fileRef = 44EFA7B6FE3153B686B0EA92; };
		2C1C521DFD6D5FB2B064E27F /* Theme.swift in Sources */ = {isa = PBXBuildFile; fileRef = DC6A81BC63335368B5774AC7; };
		381629282DA45A10B0D4C8B5 /* QuickTask.swift in Sources */ = {isa = PBXBuildFile; fileRef = B131EF9D6FCF56858D53BD95; };
		9EEE0D41BCAB52609113FE9A /* TaskComposer.swift in Sources */ = {isa = PBXBuildFile; fileRef = 2E69A0E803A4537AB291D373; };
		2158FBCD5E6052FEA8C368C9 /* VTCore.swift in Sources */ = {isa = PBXBuildFile; fileRef = A24008172D7157DE94556AF4; };
		277F3B04D4A35D27973EA0DD /* TerminalSession.swift in Sources */ = {isa = PBXBuildFile; fileRef = 851A6DCCD0835D92A1F84110; };
		3FBD96AF8E9856509E8AA6AA /* TerminalTabStrip.swift in Sources */ = {isa = PBXBuildFile; fileRef = 7DD9107C112755A48A85E126; };
		33ADF6CBA58D552A8FFC5F05 /* TerminalView.swift in Sources */ = {isa = PBXBuildFile; fileRef = D039AC3CA50A565AB5C9E2C9; };
		70FF90D4C9325370BE9D1361 /* PaneHost.swift in Sources */ = {isa = PBXBuildFile; fileRef = 98D7C909F492594C8B0E207F; };
		BA8C07A51BD754D8A78A4F91 /* DockedBar.swift in Sources */ = {isa = PBXBuildFile; fileRef = CB9F7D83989E5DAFA442D7D6; };
		B4BDBBB96BBB55309500381C /* ImagePaste.swift in Sources */ = {isa = PBXBuildFile; fileRef = 913FA772187950F79075A3AA; };
		090F5919118C5EE2A6F910CC /* AgentStream.swift in Sources */ = {isa = PBXBuildFile; fileRef = 28E65812E2025DDCA0AE929F; };
		155CBF2767425E0385B106DD /* AgentView.swift in Sources */ = {isa = PBXBuildFile; fileRef = F819FB63EB645686A9D99358; };
		203588D69838520F98F56962 /* WatchLinkHost.swift in Sources */ = {isa = PBXBuildFile; fileRef = 9F36DB6D526C5A1397018A3A; };
		504D78619E0151F0A9482BD6 /* RunnerSettings.swift in Sources */ = {isa = PBXBuildFile; fileRef = 42F36ED55B5B5F27B2D6E4AB; };
		208A3D3091E05C62AB008B84 /* ThemeEditorView.swift in Sources */ = {isa = PBXBuildFile; fileRef = F98AAF7970245ACE931B6CA0; };
		F230819A70605327976EA2BC /* AdapterEditorView.swift in Sources */ = {isa = PBXBuildFile; fileRef = 81B3FFFD38BC535DA1105E27; };
		E1D175A7B1405C9EABF1E458 /* Changes.swift in Sources */ = {isa = PBXBuildFile; fileRef = 0A8FED8736D857F49A57514C; };
		647A6FEEEEBD5050AB2C691A /* ChangesView.swift in Sources */ = {isa = PBXBuildFile; fileRef = 27A76186484953E7A3889007; };
		A1B3F2CD76435C6A8F0447CB /* ChangesReview.swift in Sources */ = {isa = PBXBuildFile; fileRef = E698DD929C2052D1A09BB24C; };
		1173213E2CCC5934AA16F910 /* BranchAndStack.swift in Sources */ = {isa = PBXBuildFile; fileRef = 0B8F01ACAD5F54C5A52C3E03; };
		2C981294B410584F82B1C2B4 /* CodeImage.swift in Sources */ = {isa = PBXBuildFile; fileRef = 58A133A2D68D5C69BACD7F1F; };
		F566F81E89455D08B5320775 /* CodeScanner.swift in Sources */ = {isa = PBXBuildFile; fileRef = 578C37E6228C50C4BD41D801; };
		09B3E7930D735EF98A910FB1 /* CeremonyStore.swift in Sources */ = {isa = PBXBuildFile; fileRef = 65A4CC0D05765C5090E6ADED; };
		903A067BB0315217B1D9924C /* AddDeviceView.swift in Sources */ = {isa = PBXBuildFile; fileRef = 0098346163395806AEC3FD69; };
		AD203D9E12D156FD86A3CFF5 /* JoinView.swift in Sources */ = {isa = PBXBuildFile; fileRef = 568B0A4C91045518933A26B3; };
		1A09F419AF965628A9456165 /* Account.swift in Sources */ = {isa = PBXBuildFile; fileRef = 67C790C4B7EB5611B14165FE; };
		6BC64D16CD585BCF8FE27CF3 /* AccountDevicesView.swift in Sources */ = {isa = PBXBuildFile; fileRef = DA7B7C8BCE5A55DDA3550FE3; };
		F96E491D15E457A18C63D257 /* AccountSection.swift in Sources */ = {isa = PBXBuildFile; fileRef = 7093A96D0DB3550E8E6FA109; };
		4EF5F2C42876520BAAF43538 /* AppVersion.swift in Sources */ = {isa = PBXBuildFile; fileRef = 7FAC520458BB54C78801B53E; };
		8689527729B45DF5AA10338D /* AgentActivityAttributes.swift in Sources */ = {isa = PBXBuildFile; fileRef = FF5E1D385C5E578E98BEE858; };
		4DA1B4EE5A72553AA017D4B2 /* AgentEvent.swift in Sources */ = {isa = PBXBuildFile; fileRef = 823B9C2C792F5A4EAF165645; };
		9B567005FFE2529E9DAA23A5 /* Composer.swift in Sources */ = {isa = PBXBuildFile; fileRef = 288A7984A1835381AFF6A4C3; };
		7085A89CB40151A38D5558EA /* WatchLink.swift in Sources */ = {isa = PBXBuildFile; fileRef = 516D0CB825B4559CA317F71C; };
		632171FFBA8F5CDF8F083C43 /* DiffComputation.swift in Sources */ = {isa = PBXBuildFile; fileRef = B15A666CD6FD525982BAC34F; };
		7EDF678A36AD5A5FA0132F16 /* FleetSnapshot.swift in Sources */ = {isa = PBXBuildFile; fileRef = 8C4E587A86625F06BA97600A; };
		7FF594327BFE5E38B4E50359 /* SnapshotStore.swift in Sources */ = {isa = PBXBuildFile; fileRef = 57DDC26E14F651988BDDC06B; };
		72C8B4DFB7B95847A02B9623 /* MarkdownView.swift in Sources */ = {isa = PBXBuildFile; fileRef = DB01EEA774815AC5A7038DAD; };
		CBDDC5EC069D53FC8EB3004A /* PushRegistration.swift in Sources */ = {isa = PBXBuildFile; fileRef = 1BD8F54D5B935B33A810D490; };
		6ED88B8CE5605E7382A93B98 /* RelaySection.swift in Sources */ = {isa = PBXBuildFile; fileRef = 35606FB34F805ACB98820C9C; };
		A4677749D2C9588EB8FA703D /* TokenStore.swift in Sources */ = {isa = PBXBuildFile; fileRef = 9F21B2F4E7305C52A6B39A5D; };
		A057A865719A51ED8C536CF7 /* VersionSection.swift in Sources */ = {isa = PBXBuildFile; fileRef = E5B7BC3FED5259D183C18D69; };
		739934EC2264588692457640 /* Transcript.swift in Sources */ = {isa = PBXBuildFile; fileRef = 3F7004A6B092527BAE191DD2; };
		47ABCA46F37C53F8B31FA67E /* farcooler_vt.xcframework in Frameworks */ = {isa = PBXBuildFile; fileRef = C58051F3AA0C5DE2A3B15416; };
		1590685CD3625030B862EAED /* farcooler_client.xcframework in Frameworks */ = {isa = PBXBuildFile; fileRef = 78C00FC7C5AC5565A723E44C; };
		6C87999BD8695773BC9A037A /* IosevkaNerdFontMono-Regular.ttf in Resources */ = {isa = PBXBuildFile; fileRef = E57A0A7090B459EA8D69806B; };
		D461E214179654D68E69ABD2 /* IosevkaNerdFontMono-Bold.ttf in Resources */ = {isa = PBXBuildFile; fileRef = 718EE640EBC05D97A1B17342; };
		8F1B001C907B5268A8EBA5BE /* Assets.xcassets in Resources */ = {isa = PBXBuildFile; fileRef = 1AD44E8CEF485BABA3BB3DE1; };
		E670BAE31D8B5F1E943CE5EC /* Assets.xcassets in Resources */ = {isa = PBXBuildFile; fileRef = 1AD44E8CEF485BABA3BB3DE1; };
		BDCC925B56DF5538A7C835A6 /* FarCoolerActivityBundle.swift in Sources */ = {isa = PBXBuildFile; fileRef = 73BE33D4405A51BF837B4F76; };
		EE8F1C5946115EF7B679A3B5 /* AgentActivityWidget.swift in Sources */ = {isa = PBXBuildFile; fileRef = 7CD12E9188AE54C68252C53C; };
		93F2A98E849251CAB18FEBAE /* FleetWidget.swift in Sources */ = {isa = PBXBuildFile; fileRef = ED9156C5562D5F3C9014D420; };
		113F0BA4C91958E58D847D86 /* AgentActivityAttributes.swift in Sources */ = {isa = PBXBuildFile; fileRef = FF5E1D385C5E578E98BEE858; };
		7C81C9DB1052593CA08D4322 /* FleetSnapshot.swift in Sources */ = {isa = PBXBuildFile; fileRef = 8C4E587A86625F06BA97600A; };
		AC28A1699AEA5DB0AEBFEA58 /* SnapshotStore.swift in Sources */ = {isa = PBXBuildFile; fileRef = 57DDC26E14F651988BDDC06B; };
		CD334D2BF1115C93BB52C32F /* NotificationService.swift in Sources */ = {isa = PBXBuildFile; fileRef = 0EB73BBDAEFC5CB7BCFDD838; };
		0071EF50A67559EDAECA54DB /* FleetSnapshot.swift in Sources */ = {isa = PBXBuildFile; fileRef = 8C4E587A86625F06BA97600A; };
		EAC2D23D481C57BE9E16420D /* SnapshotStore.swift in Sources */ = {isa = PBXBuildFile; fileRef = 57DDC26E14F651988BDDC06B; };
		812A95809B8258BC9E145439 /* FarCoolerWatchApp.swift in Sources */ = {isa = PBXBuildFile; fileRef = C2AF20C5E9E95E65B033E6DC; };
		2556BA948A4D56859E16F217 /* WatchLinkClient.swift in Sources */ = {isa = PBXBuildFile; fileRef = DF58A570414059F69A3184AF; };
		9DECD2BB04AC53ABB98DEC9F /* FleetListView.swift in Sources */ = {isa = PBXBuildFile; fileRef = 6B27B45BB7BB51BA9734A5AC; };
		EEDA5AE582BB5A6B9C431575 /* AgentDetailView.swift in Sources */ = {isa = PBXBuildFile; fileRef = CB97AC22DAB45FB1A80F9AF2; };
		3861EF687C0C51238E68497B /* ComposeView.swift in Sources */ = {isa = PBXBuildFile; fileRef = C4B25C493133586C9756E3DA; };
		BB2C55F262F858A59B97EC60 /* PermissionView.swift in Sources */ = {isa = PBXBuildFile; fileRef = 6468CD6B76FB51BABD3547CC; };
		82C536A0E21C531B8A9F7203 /* WatchLink.swift in Sources */ = {isa = PBXBuildFile; fileRef = 516D0CB825B4559CA317F71C; };
		66D38A1A5DE754DBB08F0767 /* WatchState.swift in Sources */ = {isa = PBXBuildFile; fileRef = E9FD7C5018885874ABB83E7F; };
		84C4CDF23A975280B93535E4 /* FleetSnapshot.swift in Sources */ = {isa = PBXBuildFile; fileRef = 8C4E587A86625F06BA97600A; };
		0D2B1F974A4250E999F6F707 /* SnapshotStore.swift in Sources */ = {isa = PBXBuildFile; fileRef = 57DDC26E14F651988BDDC06B; };
		EFEFE980870D5F4EA02E8011 /* WatchFleetWidget.swift in Sources */ = {isa = PBXBuildFile; fileRef = D90F4FA1951E5108A198E412; };
		C8BB9E84C655538E85154C45 /* FleetSnapshot.swift in Sources */ = {isa = PBXBuildFile; fileRef = 8C4E587A86625F06BA97600A; };
		59D256C95C545020AA02BE79 /* SnapshotStore.swift in Sources */ = {isa = PBXBuildFile; fileRef = 57DDC26E14F651988BDDC06B; };
		B5DE26931A0854B5A557FE8A /* KeyboardTabStripTests.swift in Sources */ = {isa = PBXBuildFile; fileRef = 29DA60E46FE1567A99E720AC; };
		5E56AE26EA37573BB9DA7ADB /* FarCoolerActivity.appex in Embed Foundation Extensions */ = {isa = PBXBuildFile; fileRef = 519B5ED0E0F35300BA7F8EDA; settings = {ATTRIBUTES = (RemoveHeadersOnCopy, ); }; };
		CD1C3BF2A4E55CE8B3C554C3 /* FarCoolerNotify.appex in Embed Foundation Extensions */ = {isa = PBXBuildFile; fileRef = 258C0C0EE4395DF7B38D4BD7; settings = {ATTRIBUTES = (RemoveHeadersOnCopy, ); }; };
		58B27064B7E85B5AA1A57C31 /* FarCoolerWatch.app in Embed Watch Content */ = {isa = PBXBuildFile; fileRef = 281EF43190375DEFB3B5D3A3; settings = {ATTRIBUTES = (RemoveHeadersOnCopy, ); }; };
		DCF646CEADAE57659995088E /* FarCoolerWatchWidgets.appex in Embed Watch Extensions */ = {isa = PBXBuildFile; fileRef = 4F39886C955F5D93B8FEDB99; settings = {ATTRIBUTES = (RemoveHeadersOnCopy, ); }; };
/* End PBXBuildFile section */

/* Begin PBXFileReference section */
		E9BF3AAC150B500C9EAD8938 /* FarCoolerApp.swift */ = {isa = PBXFileReference; lastKnownFileType = sourcecode.swift; path = FarCoolerApp.swift; sourceTree = "<group>"; };
		56152FA8F794597AA7004A32 /* AddFlow.swift */ = {isa = PBXFileReference; lastKnownFileType = sourcecode.swift; path = AddFlow.swift; sourceTree = "<group>"; };
		09A28730BB825CEAA6A39E6F /* ClientCore.swift */ = {isa = PBXFileReference; lastKnownFileType = sourcecode.swift; path = ClientCore.swift; sourceTree = "<group>"; };
		2DCFAB04585F583393DD034B /* Connection.swift */ = {isa = PBXFileReference; lastKnownFileType = sourcecode.swift; path = Connection.swift; sourceTree = "<group>"; };
		AB263AD5BF0E50369C8F5A65 /* FleetSnapshotWriter.swift */ = {isa = PBXFileReference; lastKnownFileType = sourcecode.swift; path = FleetSnapshotWriter.swift; sourceTree = "<group>"; };
		F342BD83956A52AFA8E283D4 /* FleetView.swift */ = {isa = PBXFileReference; lastKnownFileType = sourcecode.swift; path = FleetView.swift; sourceTree = "<group>"; };
		4ABF4CE4F60F5562A55DABDA /* Model.swift */ = {isa = PBXFileReference; lastKnownFileType = sourcecode.swift; path = Model.swift; sourceTree = "<group>"; };
		187F8E7EBB055EE28B4E67E0 /* Notifications.swift */ = {isa = PBXFileReference; lastKnownFileType = sourcecode.swift; path = Notifications.swift; sourceTree = "<group>"; };
		2DA0715B4C1755E399CDEF4E /* LiveActivities.swift */ = {isa = PBXFileReference; lastKnownFileType = sourcecode.swift; path = LiveActivities.swift; sourceTree = "<group>"; };
		2C039D3E60E15306853FA113 /* Reachability.swift */ = {isa = PBXFileReference; lastKnownFileType = sourcecode.swift; path = Reachability.swift; sourceTree = "<group>"; };
		2B544A71636558E0931C038F /* Settings.swift */ = {isa = PBXFileReference; lastKnownFileType = sourcecode.swift; path = Settings.swift; sourceTree = "<group>"; };
		44EFA7B6FE3153B686B0EA92 /* Store.swift */ = {isa = PBXFileReference; lastKnownFileType = sourcecode.swift; path = Store.swift; sourceTree = "<group>"; };
		DC6A81BC63335368B5774AC7 /* Theme.swift */ = {isa = PBXFileReference; lastKnownFileType = sourcecode.swift; path = Theme.swift; sourceTree = "<group>"; };
		B131EF9D6FCF56858D53BD95 /* QuickTask.swift */ = {isa = PBXFileReference; lastKnownFileType = sourcecode.swift; path = QuickTask.swift; sourceTree = "<group>"; };
		2E69A0E803A4537AB291D373 /* TaskComposer.swift */ = {isa = PBXFileReference; lastKnownFileType = sourcecode.swift; path = TaskComposer.swift; sourceTree = "<group>"; };
		A24008172D7157DE94556AF4 /* VTCore.swift */ = {isa = PBXFileReference; lastKnownFileType = sourcecode.swift; path = VTCore.swift; sourceTree = "<group>"; };
		851A6DCCD0835D92A1F84110 /* TerminalSession.swift */ = {isa = PBXFileReference; lastKnownFileType = sourcecode.swift; path = TerminalSession.swift; sourceTree = "<group>"; };
		7DD9107C112755A48A85E126 /* TerminalTabStrip.swift */ = {isa = PBXFileReference; lastKnownFileType = sourcecode.swift; path = TerminalTabStrip.swift; sourceTree = "<group>"; };
		D039AC3CA50A565AB5C9E2C9 /* TerminalView.swift */ = {isa = PBXFileReference; lastKnownFileType = sourcecode.swift; path = TerminalView.swift; sourceTree = "<group>"; };
		98D7C909F492594C8B0E207F /* PaneHost.swift */ = {isa = PBXFileReference; lastKnownFileType = sourcecode.swift; path = PaneHost.swift; sourceTree = "<group>"; };
		CB9F7D83989E5DAFA442D7D6 /* DockedBar.swift */ = {isa = PBXFileReference; lastKnownFileType = sourcecode.swift; path = DockedBar.swift; sourceTree = "<group>"; };
		913FA772187950F79075A3AA /* ImagePaste.swift */ = {isa = PBXFileReference; lastKnownFileType = sourcecode.swift; path = ImagePaste.swift; sourceTree = "<group>"; };
		28E65812E2025DDCA0AE929F /* AgentStream.swift */ = {isa = PBXFileReference; lastKnownFileType = sourcecode.swift; path = AgentStream.swift; sourceTree = "<group>"; };
		F819FB63EB645686A9D99358 /* AgentView.swift */ = {isa = PBXFileReference; lastKnownFileType = sourcecode.swift; path = AgentView.swift; sourceTree = "<group>"; };
		9F36DB6D526C5A1397018A3A /* WatchLinkHost.swift */ = {isa = PBXFileReference; lastKnownFileType = sourcecode.swift; path = WatchLinkHost.swift; sourceTree = "<group>"; };
		42F36ED55B5B5F27B2D6E4AB /* RunnerSettings.swift */ = {isa = PBXFileReference; lastKnownFileType = sourcecode.swift; path = RunnerSettings.swift; sourceTree = "<group>"; };
		F98AAF7970245ACE931B6CA0 /* ThemeEditorView.swift */ = {isa = PBXFileReference; lastKnownFileType = sourcecode.swift; path = ThemeEditorView.swift; sourceTree = "<group>"; };
		81B3FFFD38BC535DA1105E27 /* AdapterEditorView.swift */ = {isa = PBXFileReference; lastKnownFileType = sourcecode.swift; path = AdapterEditorView.swift; sourceTree = "<group>"; };
		0A8FED8736D857F49A57514C /* Changes.swift */ = {isa = PBXFileReference; lastKnownFileType = sourcecode.swift; path = Changes.swift; sourceTree = "<group>"; };
		27A76186484953E7A3889007 /* ChangesView.swift */ = {isa = PBXFileReference; lastKnownFileType = sourcecode.swift; path = ChangesView.swift; sourceTree = "<group>"; };
		E698DD929C2052D1A09BB24C /* ChangesReview.swift */ = {isa = PBXFileReference; lastKnownFileType = sourcecode.swift; path = ChangesReview.swift; sourceTree = "<group>"; };
		0B8F01ACAD5F54C5A52C3E03 /* BranchAndStack.swift */ = {isa = PBXFileReference; lastKnownFileType = sourcecode.swift; path = BranchAndStack.swift; sourceTree = "<group>"; };
		58A133A2D68D5C69BACD7F1F /* CodeImage.swift */ = {isa = PBXFileReference; lastKnownFileType = sourcecode.swift; path = CodeImage.swift; sourceTree = "<group>"; };
		578C37E6228C50C4BD41D801 /* CodeScanner.swift */ = {isa = PBXFileReference; lastKnownFileType = sourcecode.swift; path = CodeScanner.swift; sourceTree = "<group>"; };
		65A4CC0D05765C5090E6ADED /* CeremonyStore.swift */ = {isa = PBXFileReference; lastKnownFileType = sourcecode.swift; path = CeremonyStore.swift; sourceTree = "<group>"; };
		0098346163395806AEC3FD69 /* AddDeviceView.swift */ = {isa = PBXFileReference; lastKnownFileType = sourcecode.swift; path = AddDeviceView.swift; sourceTree = "<group>"; };
		568B0A4C91045518933A26B3 /* JoinView.swift */ = {isa = PBXFileReference; lastKnownFileType = sourcecode.swift; path = JoinView.swift; sourceTree = "<group>"; };
		67C790C4B7EB5611B14165FE /* Account.swift */ = {isa = PBXFileReference; lastKnownFileType = sourcecode.swift; path = Account.swift; sourceTree = "<group>"; };
		DA7B7C8BCE5A55DDA3550FE3 /* AccountDevicesView.swift */ = {isa = PBXFileReference; lastKnownFileType = sourcecode.swift; path = AccountDevicesView.swift; sourceTree = "<group>"; };
		7093A96D0DB3550E8E6FA109 /* AccountSection.swift */ = {isa = PBXFileReference; lastKnownFileType = sourcecode.swift; path = AccountSection.swift; sourceTree = "<group>"; };
		7FAC520458BB54C78801B53E /* AppVersion.swift */ = {isa = PBXFileReference; lastKnownFileType = sourcecode.swift; path = AppVersion.swift; sourceTree = "<group>"; };
		FF5E1D385C5E578E98BEE858 /* AgentActivityAttributes.swift */ = {isa = PBXFileReference; lastKnownFileType = sourcecode.swift; path = AgentActivityAttributes.swift; sourceTree = "<group>"; };
		823B9C2C792F5A4EAF165645 /* AgentEvent.swift */ = {isa = PBXFileReference; lastKnownFileType = sourcecode.swift; path = AgentEvent.swift; sourceTree = "<group>"; };
		288A7984A1835381AFF6A4C3 /* Composer.swift */ = {isa = PBXFileReference; lastKnownFileType = sourcecode.swift; path = Composer.swift; sourceTree = "<group>"; };
		516D0CB825B4559CA317F71C /* WatchLink.swift */ = {isa = PBXFileReference; lastKnownFileType = sourcecode.swift; path = WatchLink.swift; sourceTree = "<group>"; };
		B15A666CD6FD525982BAC34F /* DiffComputation.swift */ = {isa = PBXFileReference; lastKnownFileType = sourcecode.swift; path = DiffComputation.swift; sourceTree = "<group>"; };
		8C4E587A86625F06BA97600A /* FleetSnapshot.swift */ = {isa = PBXFileReference; lastKnownFileType = sourcecode.swift; path = FleetSnapshot.swift; sourceTree = "<group>"; };
		57DDC26E14F651988BDDC06B /* SnapshotStore.swift */ = {isa = PBXFileReference; lastKnownFileType = sourcecode.swift; path = SnapshotStore.swift; sourceTree = "<group>"; };
		DB01EEA774815AC5A7038DAD /* MarkdownView.swift */ = {isa = PBXFileReference; lastKnownFileType = sourcecode.swift; path = MarkdownView.swift; sourceTree = "<group>"; };
		1BD8F54D5B935B33A810D490 /* PushRegistration.swift */ = {isa = PBXFileReference; lastKnownFileType = sourcecode.swift; path = PushRegistration.swift; sourceTree = "<group>"; };
		35606FB34F805ACB98820C9C /* RelaySection.swift */ = {isa = PBXFileReference; lastKnownFileType = sourcecode.swift; path = RelaySection.swift; sourceTree = "<group>"; };
		9F21B2F4E7305C52A6B39A5D /* TokenStore.swift */ = {isa = PBXFileReference; lastKnownFileType = sourcecode.swift; path = TokenStore.swift; sourceTree = "<group>"; };
		E5B7BC3FED5259D183C18D69 /* VersionSection.swift */ = {isa = PBXFileReference; lastKnownFileType = sourcecode.swift; path = VersionSection.swift; sourceTree = "<group>"; };
		3F7004A6B092527BAE191DD2 /* Transcript.swift */ = {isa = PBXFileReference; lastKnownFileType = sourcecode.swift; path = Transcript.swift; sourceTree = "<group>"; };
		73BE33D4405A51BF837B4F76 /* FarCoolerActivityBundle.swift */ = {isa = PBXFileReference; lastKnownFileType = sourcecode.swift; path = FarCoolerActivityBundle.swift; sourceTree = "<group>"; };
		7CD12E9188AE54C68252C53C /* AgentActivityWidget.swift */ = {isa = PBXFileReference; lastKnownFileType = sourcecode.swift; path = AgentActivityWidget.swift; sourceTree = "<group>"; };
		ED9156C5562D5F3C9014D420 /* FleetWidget.swift */ = {isa = PBXFileReference; lastKnownFileType = sourcecode.swift; path = FleetWidget.swift; sourceTree = "<group>"; };
		0EB73BBDAEFC5CB7BCFDD838 /* NotificationService.swift */ = {isa = PBXFileReference; lastKnownFileType = sourcecode.swift; path = NotificationService.swift; sourceTree = "<group>"; };
		C2AF20C5E9E95E65B033E6DC /* FarCoolerWatchApp.swift */ = {isa = PBXFileReference; lastKnownFileType = sourcecode.swift; path = FarCoolerWatchApp.swift; sourceTree = "<group>"; };
		DF58A570414059F69A3184AF /* WatchLinkClient.swift */ = {isa = PBXFileReference; lastKnownFileType = sourcecode.swift; path = WatchLinkClient.swift; sourceTree = "<group>"; };
		6B27B45BB7BB51BA9734A5AC /* FleetListView.swift */ = {isa = PBXFileReference; lastKnownFileType = sourcecode.swift; path = FleetListView.swift; sourceTree = "<group>"; };
		CB97AC22DAB45FB1A80F9AF2 /* AgentDetailView.swift */ = {isa = PBXFileReference; lastKnownFileType = sourcecode.swift; path = AgentDetailView.swift; sourceTree = "<group>"; };
		C4B25C493133586C9756E3DA /* ComposeView.swift */ = {isa = PBXFileReference; lastKnownFileType = sourcecode.swift; path = ComposeView.swift; sourceTree = "<group>"; };
		6468CD6B76FB51BABD3547CC /* PermissionView.swift */ = {isa = PBXFileReference; lastKnownFileType = sourcecode.swift; path = PermissionView.swift; sourceTree = "<group>"; };
		E9FD7C5018885874ABB83E7F /* WatchState.swift */ = {isa = PBXFileReference; lastKnownFileType = sourcecode.swift; path = WatchState.swift; sourceTree = "<group>"; };
		D90F4FA1951E5108A198E412 /* WatchFleetWidget.swift */ = {isa = PBXFileReference; lastKnownFileType = sourcecode.swift; path = WatchFleetWidget.swift; sourceTree = "<group>"; };
		29DA60E46FE1567A99E720AC /* KeyboardTabStripTests.swift */ = {isa = PBXFileReference; lastKnownFileType = sourcecode.swift; path = KeyboardTabStripTests.swift; sourceTree = "<group>"; };
		C58051F3AA0C5DE2A3B15416 /* farcooler_vt.xcframework */ = {isa = PBXFileReference; lastKnownFileType = wrapper.xcframework; name = farcooler_vt.xcframework; path = Frameworks/farcooler_vt.xcframework; sourceTree = "<group>"; };
		78C00FC7C5AC5565A723E44C /* farcooler_client.xcframework */ = {isa = PBXFileReference; lastKnownFileType = wrapper.xcframework; name = farcooler_client.xcframework; path = Frameworks/farcooler_client.xcframework; sourceTree = "<group>"; };
		E57A0A7090B459EA8D69806B /* IosevkaNerdFontMono-Regular.ttf */ = {isa = PBXFileReference; lastKnownFileType = file; path = IosevkaNerdFontMono-Regular.ttf; sourceTree = "<group>"; };
		718EE640EBC05D97A1B17342 /* IosevkaNerdFontMono-Bold.ttf */ = {isa = PBXFileReference; lastKnownFileType = file; path = IosevkaNerdFontMono-Bold.ttf; sourceTree = "<group>"; };
		1AD44E8CEF485BABA3BB3DE1 /* Assets.xcassets */ = {isa = PBXFileReference; lastKnownFileType = folder.assetcatalog; name = Assets.xcassets; path = build/Assets.xcassets; sourceTree = SOURCE_ROOT; };
		A133A464581D57FABB4108BE /* FarCooler.app */ = {isa = PBXFileReference; explicitFileType = wrapper.application; includeInIndex = 0; path = FarCooler.app; sourceTree = BUILT_PRODUCTS_DIR; };
		519B5ED0E0F35300BA7F8EDA /* FarCoolerActivity.appex */ = {isa = PBXFileReference; explicitFileType = "wrapper.app-extension"; includeInIndex = 0; path = FarCoolerActivity.appex; sourceTree = BUILT_PRODUCTS_DIR; };
		258C0C0EE4395DF7B38D4BD7 /* FarCoolerNotify.appex */ = {isa = PBXFileReference; explicitFileType = "wrapper.app-extension"; includeInIndex = 0; path = FarCoolerNotify.appex; sourceTree = BUILT_PRODUCTS_DIR; };
		281EF43190375DEFB3B5D3A3 /* FarCoolerWatch.app */ = {isa = PBXFileReference; explicitFileType = wrapper.application; includeInIndex = 0; path = FarCoolerWatch.app; sourceTree = BUILT_PRODUCTS_DIR; };
		4F39886C955F5D93B8FEDB99 /* FarCoolerWatchWidgets.appex */ = {isa = PBXFileReference; explicitFileType = "wrapper.app-extension"; includeInIndex = 0; path = FarCoolerWatchWidgets.appex; sourceTree = BUILT_PRODUCTS_DIR; };
		54C77836D1A35B5FB47F2833 /* FarCoolerUITests.xctest */ = {isa = PBXFileReference; explicitFileType = wrapper.cfbundle; includeInIndex = 0; path = FarCoolerUITests.xctest; sourceTree = BUILT_PRODUCTS_DIR; };
/* End PBXFileReference section */

/* Begin PBXFrameworksBuildPhase section */
		BD06D3E3D0E55D4FA8204FD6 = {
			isa = PBXFrameworksBuildPhase;
			buildActionMask = 2147483647;
			files = (
				47ABCA46F37C53F8B31FA67E /* farcooler_vt.xcframework in Frameworks */,
				1590685CD3625030B862EAED /* farcooler_client.xcframework in Frameworks */,
			);
			runOnlyForDeploymentPostprocessing = 0;
		};
		7C8FFD3EAE885E6BBBD06CE1 = {
			isa = PBXFrameworksBuildPhase;
			buildActionMask = 2147483647;
			files = ();
			runOnlyForDeploymentPostprocessing = 0;
		};
/* End PBXFrameworksBuildPhase section */

/* Begin PBXGroup section */
		2539350B586A57CBBDDF27F3 = {
			isa = PBXGroup;
			children = (
				DC2B394B789C517AA24120A8 /* FarCooler */,
				36B5E35C81075470A9DE1C51 /* FarCoolerActivity */,
				B940BA7DFD615254B2BC1318 /* FarCoolerNotify */,
				3CB1FC909782557FBA45B25D /* FarCoolerWatch */,
				627BA5911FCB53BA8F03F4B9 /* FarCoolerWatchWidgets */,
				CB0B3065ED87572CA8FB0522 /* FarCoolerUITests */,
				4C4542875C415F8685B9A60E /* AgentKit */,
				1AD44E8CEF485BABA3BB3DE1 /* Assets.xcassets */,
				7BF7610560DA5A64A5782FD6 /* Frameworks */,
				1DC6147A6B3C5E5D8ACDF5DE /* Products */,
			);
			sourceTree = "<group>";
		};
		DC2B394B789C517AA24120A8 /* FarCooler */ = {
			isa = PBXGroup;
			children = (
				E9BF3AAC150B500C9EAD8938 /* FarCoolerApp.swift */,
				56152FA8F794597AA7004A32 /* AddFlow.swift */,
				09A28730BB825CEAA6A39E6F /* ClientCore.swift */,
				2DCFAB04585F583393DD034B /* Connection.swift */,
				AB263AD5BF0E50369C8F5A65 /* FleetSnapshotWriter.swift */,
				F342BD83956A52AFA8E283D4 /* FleetView.swift */,
				4ABF4CE4F60F5562A55DABDA /* Model.swift */,
				187F8E7EBB055EE28B4E67E0 /* Notifications.swift */,
				2DA0715B4C1755E399CDEF4E /* LiveActivities.swift */,
				2C039D3E60E15306853FA113 /* Reachability.swift */,
				2B544A71636558E0931C038F /* Settings.swift */,
				44EFA7B6FE3153B686B0EA92 /* Store.swift */,
				DC6A81BC63335368B5774AC7 /* Theme.swift */,
				B131EF9D6FCF56858D53BD95 /* QuickTask.swift */,
				2E69A0E803A4537AB291D373 /* TaskComposer.swift */,
				A24008172D7157DE94556AF4 /* VTCore.swift */,
				851A6DCCD0835D92A1F84110 /* TerminalSession.swift */,
				7DD9107C112755A48A85E126 /* TerminalTabStrip.swift */,
				D039AC3CA50A565AB5C9E2C9 /* TerminalView.swift */,
				98D7C909F492594C8B0E207F /* PaneHost.swift */,
				CB9F7D83989E5DAFA442D7D6 /* DockedBar.swift */,
				913FA772187950F79075A3AA /* ImagePaste.swift */,
				28E65812E2025DDCA0AE929F /* AgentStream.swift */,
				F819FB63EB645686A9D99358 /* AgentView.swift */,
				9F36DB6D526C5A1397018A3A /* WatchLinkHost.swift */,
				42F36ED55B5B5F27B2D6E4AB /* RunnerSettings.swift */,
				F98AAF7970245ACE931B6CA0 /* ThemeEditorView.swift */,
				81B3FFFD38BC535DA1105E27 /* AdapterEditorView.swift */,
				0A8FED8736D857F49A57514C /* Changes.swift */,
				27A76186484953E7A3889007 /* ChangesView.swift */,
				E698DD929C2052D1A09BB24C /* ChangesReview.swift */,
				0B8F01ACAD5F54C5A52C3E03 /* BranchAndStack.swift */,
				EEF1BECD777654A58B89B364 /* Ceremony */,
				318B509E6A965252B6B6AD0E /* Fonts */,
			);
			path = FarCooler;
			sourceTree = "<group>";
		};
		36B5E35C81075470A9DE1C51 /* FarCoolerActivity */ = {
			isa = PBXGroup;
			children = (
				73BE33D4405A51BF837B4F76 /* FarCoolerActivityBundle.swift */,
				7CD12E9188AE54C68252C53C /* AgentActivityWidget.swift */,
				ED9156C5562D5F3C9014D420 /* FleetWidget.swift */,
			);
			path = FarCoolerActivity;
			sourceTree = "<group>";
		};
		B940BA7DFD615254B2BC1318 /* FarCoolerNotify */ = {
			isa = PBXGroup;
			children = (
				0EB73BBDAEFC5CB7BCFDD838 /* NotificationService.swift */,
			);
			path = FarCoolerNotify;
			sourceTree = "<group>";
		};
		3CB1FC909782557FBA45B25D /* FarCoolerWatch */ = {
			isa = PBXGroup;
			children = (
				C2AF20C5E9E95E65B033E6DC /* FarCoolerWatchApp.swift */,
				DF58A570414059F69A3184AF /* WatchLinkClient.swift */,
				6B27B45BB7BB51BA9734A5AC /* FleetListView.swift */,
				CB97AC22DAB45FB1A80F9AF2 /* AgentDetailView.swift */,
				C4B25C493133586C9756E3DA /* ComposeView.swift */,
				6468CD6B76FB51BABD3547CC /* PermissionView.swift */,
			);
			path = FarCoolerWatch;
			sourceTree = "<group>";
		};
		627BA5911FCB53BA8F03F4B9 /* FarCoolerWatchWidgets */ = {
			isa = PBXGroup;
			children = (
				D90F4FA1951E5108A198E412 /* WatchFleetWidget.swift */,
			);
			path = FarCoolerWatchWidgets;
			sourceTree = "<group>";
		};
		CB0B3065ED87572CA8FB0522 /* FarCoolerUITests */ = {
			isa = PBXGroup;
			children = (
				29DA60E46FE1567A99E720AC /* KeyboardTabStripTests.swift */,
			);
			path = FarCoolerUITests;
			sourceTree = "<group>";
		};
		EEF1BECD777654A58B89B364 /* Ceremony */ = {
			isa = PBXGroup;
			children = (
				58A133A2D68D5C69BACD7F1F /* CodeImage.swift */,
				578C37E6228C50C4BD41D801 /* CodeScanner.swift */,
				65A4CC0D05765C5090E6ADED /* CeremonyStore.swift */,
				0098346163395806AEC3FD69 /* AddDeviceView.swift */,
				568B0A4C91045518933A26B3 /* JoinView.swift */,
			);
			path = Ceremony;
			sourceTree = "<group>";
		};
		318B509E6A965252B6B6AD0E /* Fonts */ = {
			isa = PBXGroup;
			children = (
				E57A0A7090B459EA8D69806B /* IosevkaNerdFontMono-Regular.ttf */,
				718EE640EBC05D97A1B17342 /* IosevkaNerdFontMono-Bold.ttf */,
			);
			path = Fonts;
			sourceTree = "<group>";
		};
		4C4542875C415F8685B9A60E /* AgentKit */ = {
			isa = PBXGroup;
			children = (
				67C790C4B7EB5611B14165FE /* Account.swift */,
				DA7B7C8BCE5A55DDA3550FE3 /* AccountDevicesView.swift */,
				7093A96D0DB3550E8E6FA109 /* AccountSection.swift */,
				7FAC520458BB54C78801B53E /* AppVersion.swift */,
				FF5E1D385C5E578E98BEE858 /* AgentActivityAttributes.swift */,
				823B9C2C792F5A4EAF165645 /* AgentEvent.swift */,
				288A7984A1835381AFF6A4C3 /* Composer.swift */,
				516D0CB825B4559CA317F71C /* WatchLink.swift */,
				B15A666CD6FD525982BAC34F /* DiffComputation.swift */,
				8C4E587A86625F06BA97600A /* FleetSnapshot.swift */,
				57DDC26E14F651988BDDC06B /* SnapshotStore.swift */,
				DB01EEA774815AC5A7038DAD /* MarkdownView.swift */,
				1BD8F54D5B935B33A810D490 /* PushRegistration.swift */,
				35606FB34F805ACB98820C9C /* RelaySection.swift */,
				9F21B2F4E7305C52A6B39A5D /* TokenStore.swift */,
				E5B7BC3FED5259D183C18D69 /* VersionSection.swift */,
				3F7004A6B092527BAE191DD2 /* Transcript.swift */,
				E9FD7C5018885874ABB83E7F /* WatchState.swift */,
			);
			name = AgentKit;
			path = "../shared/AgentKit/Sources/AgentKit";
			sourceTree = "<group>";
		};
		7BF7610560DA5A64A5782FD6 /* Frameworks */ = {
			isa = PBXGroup;
			children = (
				C58051F3AA0C5DE2A3B15416 /* farcooler_vt.xcframework */,
				78C00FC7C5AC5565A723E44C /* farcooler_client.xcframework */,
			);
			name = Frameworks;
			sourceTree = "<group>";
		};
		1DC6147A6B3C5E5D8ACDF5DE /* Products */ = {
			isa = PBXGroup;
			children = (
				A133A464581D57FABB4108BE /* FarCooler.app */,
				519B5ED0E0F35300BA7F8EDA /* FarCoolerActivity.appex */,
				258C0C0EE4395DF7B38D4BD7 /* FarCoolerNotify.appex */,
				281EF43190375DEFB3B5D3A3 /* FarCoolerWatch.app */,
				4F39886C955F5D93B8FEDB99 /* FarCoolerWatchWidgets.appex */,
				54C77836D1A35B5FB47F2833 /* FarCoolerUITests.xctest */,
			);
			name = Products;
			sourceTree = "<group>";
		};
/* End PBXGroup section */

/* Begin PBXNativeTarget section */
		F71A1340A17D5BAAA17AAE9D /* FarCooler */ = {
			isa = PBXNativeTarget;
			buildConfigurationList = 227E65BEEF00503E8D9EBBEB;
			buildPhases = (
				B80F12BD5B455B29AE0DF96F,
				BD06D3E3D0E55D4FA8204FD6,
				7E266E705A115865B3DE1CE2,
				A07C1A18360C50F0B8E2EA12,
				F009967C502C5797B651F955,
			);
			buildRules = ();
			dependencies = (
				E49E6B036C9058E78E77D80C,
				21B311F220C8547F94AB6DCB,
				F6CFBF208B0E5F50B0864932,
			);
			name = FarCooler;
			productName = FarCooler;
			productReference = A133A464581D57FABB4108BE;
			productType = "com.apple.product-type.application";
		};
		332717FB6A2A5089A274E500 /* FarCoolerActivity */ = {
			isa = PBXNativeTarget;
			buildConfigurationList = 5D3B47E2686157CF8B6BC2D6;
			buildPhases = (
				0F0EFDB141DF52688DDA76E4,
			);
			buildRules = ();
			dependencies = ();
			name = FarCoolerActivity;
			productName = FarCoolerActivity;
			productReference = 519B5ED0E0F35300BA7F8EDA;
			productType = "com.apple.product-type.app-extension";
		};
		6CC6A9BD26445449A2D35F3F /* FarCoolerNotify */ = {
			isa = PBXNativeTarget;
			buildConfigurationList = 45847D70680552B5BCD02FA6;
			buildPhases = (
				C417AC3F8B4A53CCAF9DB3B1,
			);
			buildRules = ();
			dependencies = ();
			name = FarCoolerNotify;
			productName = FarCoolerNotify;
			productReference = 258C0C0EE4395DF7B38D4BD7;
			productType = "com.apple.product-type.app-extension";
		};
		4380766FEE1857A0ABE2D966 /* FarCoolerWatch */ = {
			isa = PBXNativeTarget;
			buildConfigurationList = 2687CC6DEB8C560CA27F0330;
			buildPhases = (
				36B63127D6855FBBBDEF994B,
				BC6B9B63A4835F23B3C313D4,
				0961741EFFC5576787E8F0E9,
			);
			buildRules = ();
			dependencies = (
				7AE4663342945878A29E49EA,
			);
			name = FarCoolerWatch;
			productName = FarCoolerWatch;
			productReference = 281EF43190375DEFB3B5D3A3;
			productType = "com.apple.product-type.application";
		};
		73049024E8655509B43E03EF /* FarCoolerWatchWidgets */ = {
			isa = PBXNativeTarget;
			buildConfigurationList = C8E0B70B968852A798A887FA;
			buildPhases = (
				6206F1A93A37507BAA66C0E2,
			);
			buildRules = ();
			dependencies = ();
			name = FarCoolerWatchWidgets;
			productName = FarCoolerWatchWidgets;
			productReference = 4F39886C955F5D93B8FEDB99;
			productType = "com.apple.product-type.app-extension";
		};
		F0CA39CF6B485727AF158E0A /* FarCoolerUITests */ = {
			isa = PBXNativeTarget;
			buildConfigurationList = 69D2C7568A4359CAA8D3CC7D;
			buildPhases = (
				1FB6D4CECED05254AF88D6E5,
				7C8FFD3EAE885E6BBBD06CE1,
			);
			buildRules = ();
			dependencies = (6E2AE370B8AF5E40A11AB4D0, );
			name = FarCoolerUITests;
			productName = FarCoolerUITests;
			productReference = 54C77836D1A35B5FB47F2833;
			productType = "com.apple.product-type.bundle.ui-testing";
		};
/* End PBXNativeTarget section */

/* Begin PBXProject section */
		C9A7D3CE0F735C64936BDAE6 /* Project object */ = {
			isa = PBXProject;
			attributes = {
				BuildIndependentTargetsInParallel = 1;
				LastSwiftUpdateCheck = 1600;
				LastUpgradeCheck = 1600;
			};
			buildConfigurationList = 1ECFBC020B595330B018024C;
			compatibilityVersion = "Xcode 14.0";
			developmentRegion = en;
			hasScannedForEncodings = 0;
			knownRegions = (en, Base);
			mainGroup = 2539350B586A57CBBDDF27F3;
			productRefGroup = 1DC6147A6B3C5E5D8ACDF5DE;
			projectDirPath = "";
			projectRoot = "";
			targets = (
				F71A1340A17D5BAAA17AAE9D /* FarCooler */,
				332717FB6A2A5089A274E500 /* FarCoolerActivity */,
				6CC6A9BD26445449A2D35F3F /* FarCoolerNotify */,
				4380766FEE1857A0ABE2D966 /* FarCoolerWatch */,
				73049024E8655509B43E03EF /* FarCoolerWatchWidgets */,
				F0CA39CF6B485727AF158E0A /* FarCoolerUITests */,
			);
		};
/* End PBXProject section */

/* Begin PBXContainerItemProxy section */
		7DA0194BED2B52D6A2E68D4D = {
			isa = PBXContainerItemProxy;
			containerPortal = C9A7D3CE0F735C64936BDAE6;
			proxyType = 1;
			remoteGlobalIDString = 332717FB6A2A5089A274E500;
			remoteInfo = FarCoolerActivity;
		};
		6E66BC335E445C3FB3019986 = {
			isa = PBXContainerItemProxy;
			containerPortal = C9A7D3CE0F735C64936BDAE6;
			proxyType = 1;
			remoteGlobalIDString = 6CC6A9BD26445449A2D35F3F;
			remoteInfo = FarCoolerNotify;
		};
		232A43E1131455ABA549C78B = {
			isa = PBXContainerItemProxy;
			containerPortal = C9A7D3CE0F735C64936BDAE6;
			proxyType = 1;
			remoteGlobalIDString = 4380766FEE1857A0ABE2D966;
			remoteInfo = FarCoolerWatch;
		};
		BA3AC2F1B84F5DFCAEB022EF = {
			isa = PBXContainerItemProxy;
			containerPortal = C9A7D3CE0F735C64936BDAE6;
			proxyType = 1;
			remoteGlobalIDString = 73049024E8655509B43E03EF;
			remoteInfo = FarCoolerWatchWidgets;
		};
		605AB321FC1F5C9CA7F7D665 = {
			isa = PBXContainerItemProxy;
			containerPortal = C9A7D3CE0F735C64936BDAE6;
			proxyType = 1;
			remoteGlobalIDString = F71A1340A17D5BAAA17AAE9D;
			remoteInfo = FarCooler;
		};
/* End PBXContainerItemProxy section */

/* Begin PBXCopyFilesBuildPhase section */
		A07C1A18360C50F0B8E2EA12 /* Embed Foundation Extensions */ = {
			isa = PBXCopyFilesBuildPhase;
			buildActionMask = 2147483647;
			dstPath = "";
			dstSubfolderSpec = 13;
			files = (
				5E56AE26EA37573BB9DA7ADB /* FarCoolerActivity.appex in Embed Foundation Extensions */,
				CD1C3BF2A4E55CE8B3C554C3 /* FarCoolerNotify.appex in Embed Foundation Extensions */,
			);
			name = "Embed Foundation Extensions";
			runOnlyForDeploymentPostprocessing = 0;
		};
		F009967C502C5797B651F955 /* Embed Watch Content */ = {
			isa = PBXCopyFilesBuildPhase;
			buildActionMask = 2147483647;
			dstPath = "$(CONTENTS_FOLDER_PATH)/Watch";
			dstSubfolderSpec = 16;
			files = (
				58B27064B7E85B5AA1A57C31 /* FarCoolerWatch.app in Embed Watch Content */,
			);
			name = "Embed Watch Content";
			runOnlyForDeploymentPostprocessing = 0;
		};
		0961741EFFC5576787E8F0E9 /* Embed Watch Extensions */ = {
			isa = PBXCopyFilesBuildPhase;
			buildActionMask = 2147483647;
			dstPath = "";
			dstSubfolderSpec = 13;
			files = (
				DCF646CEADAE57659995088E /* FarCoolerWatchWidgets.appex in Embed Watch Extensions */,
			);
			name = "Embed Watch Extensions";
			runOnlyForDeploymentPostprocessing = 0;
		};
/* End PBXCopyFilesBuildPhase section */

/* Begin PBXTargetDependency section */
		E49E6B036C9058E78E77D80C = {
			isa = PBXTargetDependency;
			target = 332717FB6A2A5089A274E500;
			targetProxy = 7DA0194BED2B52D6A2E68D4D;
		};
		21B311F220C8547F94AB6DCB = {
			isa = PBXTargetDependency;
			target = 6CC6A9BD26445449A2D35F3F;
			targetProxy = 6E66BC335E445C3FB3019986;
		};
		F6CFBF208B0E5F50B0864932 = {
			isa = PBXTargetDependency;
			target = 4380766FEE1857A0ABE2D966;
			targetProxy = 232A43E1131455ABA549C78B;
		};
		7AE4663342945878A29E49EA = {
			isa = PBXTargetDependency;
			target = 73049024E8655509B43E03EF;
			targetProxy = BA3AC2F1B84F5DFCAEB022EF;
		};
		6E2AE370B8AF5E40A11AB4D0 = {
			isa = PBXTargetDependency;
			target = F71A1340A17D5BAAA17AAE9D;
			targetProxy = 605AB321FC1F5C9CA7F7D665;
		};
/* End PBXTargetDependency section */

/* Begin PBXResourcesBuildPhase section */
		7E266E705A115865B3DE1CE2 = {
			isa = PBXResourcesBuildPhase;
			buildActionMask = 2147483647;
			files = (
				6C87999BD8695773BC9A037A /* IosevkaNerdFontMono-Regular.ttf in Resources */,
				D461E214179654D68E69ABD2 /* IosevkaNerdFontMono-Bold.ttf in Resources */,
				8F1B001C907B5268A8EBA5BE /* Assets.xcassets in Resources */,
			);
			runOnlyForDeploymentPostprocessing = 0;
		};
		BC6B9B63A4835F23B3C313D4 = {
			isa = PBXResourcesBuildPhase;
			buildActionMask = 2147483647;
			files = (
				E670BAE31D8B5F1E943CE5EC /* Assets.xcassets in Resources */,
			);
			runOnlyForDeploymentPostprocessing = 0;
		};
/* End PBXResourcesBuildPhase section */

/* Begin PBXSourcesBuildPhase section */
		B80F12BD5B455B29AE0DF96F = {
			isa = PBXSourcesBuildPhase;
			buildActionMask = 2147483647;
			files = (
				92403CA2D0B757B9BC89B4A9 /* FarCoolerApp.swift in Sources */,
				8B5C0FC2ED375C12A0F3BBF5 /* AddFlow.swift in Sources */,
				27EA95179D065D9983BF4169 /* ClientCore.swift in Sources */,
				4AD1D989FF065475986EA623 /* Connection.swift in Sources */,
				5BB1AFAEDB7E5F77AC2B24D0 /* FleetSnapshotWriter.swift in Sources */,
				B7B7E8CABF6354C393CCA4AA /* FleetView.swift in Sources */,
				9F5AA511436B5EA797092474 /* Model.swift in Sources */,
				65BC051A08EB52D1925F8E13 /* Notifications.swift in Sources */,
				7423900B94565142B7F0ECA2 /* LiveActivities.swift in Sources */,
				0477432E534753A0B759DC6F /* Reachability.swift in Sources */,
				6D4A0EFB0B5D560DAFE9179A /* Settings.swift in Sources */,
				14CC0B48DA7A59509BAB17BF /* Store.swift in Sources */,
				2C1C521DFD6D5FB2B064E27F /* Theme.swift in Sources */,
				381629282DA45A10B0D4C8B5 /* QuickTask.swift in Sources */,
				9EEE0D41BCAB52609113FE9A /* TaskComposer.swift in Sources */,
				2158FBCD5E6052FEA8C368C9 /* VTCore.swift in Sources */,
				277F3B04D4A35D27973EA0DD /* TerminalSession.swift in Sources */,
				3FBD96AF8E9856509E8AA6AA /* TerminalTabStrip.swift in Sources */,
				33ADF6CBA58D552A8FFC5F05 /* TerminalView.swift in Sources */,
				70FF90D4C9325370BE9D1361 /* PaneHost.swift in Sources */,
				BA8C07A51BD754D8A78A4F91 /* DockedBar.swift in Sources */,
				B4BDBBB96BBB55309500381C /* ImagePaste.swift in Sources */,
				090F5919118C5EE2A6F910CC /* AgentStream.swift in Sources */,
				155CBF2767425E0385B106DD /* AgentView.swift in Sources */,
				203588D69838520F98F56962 /* WatchLinkHost.swift in Sources */,
				504D78619E0151F0A9482BD6 /* RunnerSettings.swift in Sources */,
				208A3D3091E05C62AB008B84 /* ThemeEditorView.swift in Sources */,
				F230819A70605327976EA2BC /* AdapterEditorView.swift in Sources */,
				E1D175A7B1405C9EABF1E458 /* Changes.swift in Sources */,
				647A6FEEEEBD5050AB2C691A /* ChangesView.swift in Sources */,
				A1B3F2CD76435C6A8F0447CB /* ChangesReview.swift in Sources */,
				1173213E2CCC5934AA16F910 /* BranchAndStack.swift in Sources */,
				2C981294B410584F82B1C2B4 /* CodeImage.swift in Sources */,
				F566F81E89455D08B5320775 /* CodeScanner.swift in Sources */,
				09B3E7930D735EF98A910FB1 /* CeremonyStore.swift in Sources */,
				903A067BB0315217B1D9924C /* AddDeviceView.swift in Sources */,
				AD203D9E12D156FD86A3CFF5 /* JoinView.swift in Sources */,
				1A09F419AF965628A9456165 /* Account.swift in Sources */,
				6BC64D16CD585BCF8FE27CF3 /* AccountDevicesView.swift in Sources */,
				F96E491D15E457A18C63D257 /* AccountSection.swift in Sources */,
				4EF5F2C42876520BAAF43538 /* AppVersion.swift in Sources */,
				8689527729B45DF5AA10338D /* AgentActivityAttributes.swift in Sources */,
				4DA1B4EE5A72553AA017D4B2 /* AgentEvent.swift in Sources */,
				9B567005FFE2529E9DAA23A5 /* Composer.swift in Sources */,
				7085A89CB40151A38D5558EA /* WatchLink.swift in Sources */,
				632171FFBA8F5CDF8F083C43 /* DiffComputation.swift in Sources */,
				7EDF678A36AD5A5FA0132F16 /* FleetSnapshot.swift in Sources */,
				7FF594327BFE5E38B4E50359 /* SnapshotStore.swift in Sources */,
				72C8B4DFB7B95847A02B9623 /* MarkdownView.swift in Sources */,
				CBDDC5EC069D53FC8EB3004A /* PushRegistration.swift in Sources */,
				6ED88B8CE5605E7382A93B98 /* RelaySection.swift in Sources */,
				A4677749D2C9588EB8FA703D /* TokenStore.swift in Sources */,
				A057A865719A51ED8C536CF7 /* VersionSection.swift in Sources */,
				739934EC2264588692457640 /* Transcript.swift in Sources */,
			);
			runOnlyForDeploymentPostprocessing = 0;
		};
		0F0EFDB141DF52688DDA76E4 = {
			isa = PBXSourcesBuildPhase;
			buildActionMask = 2147483647;
			files = (
				BDCC925B56DF5538A7C835A6 /* FarCoolerActivityBundle.swift in Sources */,
				EE8F1C5946115EF7B679A3B5 /* AgentActivityWidget.swift in Sources */,
				93F2A98E849251CAB18FEBAE /* FleetWidget.swift in Sources */,
				113F0BA4C91958E58D847D86 /* AgentActivityAttributes.swift in Sources */,
				7C81C9DB1052593CA08D4322 /* FleetSnapshot.swift in Sources */,
				AC28A1699AEA5DB0AEBFEA58 /* SnapshotStore.swift in Sources */,
			);
			runOnlyForDeploymentPostprocessing = 0;
		};
		C417AC3F8B4A53CCAF9DB3B1 = {
			isa = PBXSourcesBuildPhase;
			buildActionMask = 2147483647;
			files = (
				CD334D2BF1115C93BB52C32F /* NotificationService.swift in Sources */,
				0071EF50A67559EDAECA54DB /* FleetSnapshot.swift in Sources */,
				EAC2D23D481C57BE9E16420D /* SnapshotStore.swift in Sources */,
			);
			runOnlyForDeploymentPostprocessing = 0;
		};
		36B63127D6855FBBBDEF994B = {
			isa = PBXSourcesBuildPhase;
			buildActionMask = 2147483647;
			files = (
				812A95809B8258BC9E145439 /* FarCoolerWatchApp.swift in Sources */,
				2556BA948A4D56859E16F217 /* WatchLinkClient.swift in Sources */,
				9DECD2BB04AC53ABB98DEC9F /* FleetListView.swift in Sources */,
				EEDA5AE582BB5A6B9C431575 /* AgentDetailView.swift in Sources */,
				3861EF687C0C51238E68497B /* ComposeView.swift in Sources */,
				BB2C55F262F858A59B97EC60 /* PermissionView.swift in Sources */,
				82C536A0E21C531B8A9F7203 /* WatchLink.swift in Sources */,
				66D38A1A5DE754DBB08F0767 /* WatchState.swift in Sources */,
				84C4CDF23A975280B93535E4 /* FleetSnapshot.swift in Sources */,
				0D2B1F974A4250E999F6F707 /* SnapshotStore.swift in Sources */,
			);
			runOnlyForDeploymentPostprocessing = 0;
		};
		6206F1A93A37507BAA66C0E2 = {
			isa = PBXSourcesBuildPhase;
			buildActionMask = 2147483647;
			files = (
				EFEFE980870D5F4EA02E8011 /* WatchFleetWidget.swift in Sources */,
				C8BB9E84C655538E85154C45 /* FleetSnapshot.swift in Sources */,
				59D256C95C545020AA02BE79 /* SnapshotStore.swift in Sources */,
			);
			runOnlyForDeploymentPostprocessing = 0;
		};
		1FB6D4CECED05254AF88D6E5 = {
			isa = PBXSourcesBuildPhase;
			buildActionMask = 2147483647;
			files = (
				B5DE26931A0854B5A557FE8A /* KeyboardTabStripTests.swift in Sources */,
			);
			runOnlyForDeploymentPostprocessing = 0;
		};
/* End PBXSourcesBuildPhase section */

/* Begin XCBuildConfiguration section */
		2EBE0EF96A0C526B823D2657 /* Debug */ = {
			isa = XCBuildConfiguration;
			buildSettings = {
				CLANG_ENABLE_MODULES = YES;
				SWIFT_VERSION = 5.0;
				IPHONEOS_DEPLOYMENT_TARGET = 26.0;
				SDKROOT = iphoneos;
				TARGETED_DEVICE_FAMILY = "1,2";
				ALWAYS_SEARCH_USER_PATHS = NO;
				ONLY_ACTIVE_ARCH = YES;
				SWIFT_OPTIMIZATION_LEVEL = "-Onone";
				SWIFT_ACTIVE_COMPILATION_CONDITIONS = DEBUG;
				GCC_OPTIMIZATION_LEVEL = 0;
				ENABLE_TESTABILITY = YES;
			};
			name = Debug;
		};
		E89569D3C9195F7AA17C2D63 /* Release */ = {
			isa = XCBuildConfiguration;
			buildSettings = {
				CLANG_ENABLE_MODULES = YES;
				SWIFT_VERSION = 5.0;
				IPHONEOS_DEPLOYMENT_TARGET = 26.0;
				SDKROOT = iphoneos;
				TARGETED_DEVICE_FAMILY = "1,2";
				ALWAYS_SEARCH_USER_PATHS = NO;
				SWIFT_OPTIMIZATION_LEVEL = "-O";
			};
			name = Release;
		};
		FE785DA885045FADB511F3CE /* Debug */ = {
			isa = XCBuildConfiguration;
			buildSettings = {
				MARKETING_VERSION = 0.1.0;
				FARCOOLER_CHANNEL = local;
				FARCOOLER_URL_SCHEME = "farcooler-local";
				FARCOOLER_APP_NAME = "FC Local";
				FARCOOLER_DISPLAY_VERSION = "0.1.0 (local bd70753)";
				FARCOOLER_WORKOS_CLIENT_ID = "client_01M03N3DFQNDCK819XSRTK2FJD";
				FARCOOLER_APP_GROUP = group.com.farcooler.ios.local;
				CURRENT_PROJECT_VERSION = 446;
				PRODUCT_NAME = FarCooler;
				PRODUCT_BUNDLE_IDENTIFIER = com.farcooler.ios.local;
				INFOPLIST_FILE = FarCooler/Info.plist;
				CODE_SIGN_STYLE = Manual;
				CODE_SIGN_IDENTITY = "-";
				CODE_SIGNING_ALLOWED = YES;
				CODE_SIGNING_REQUIRED = NO;
				CODE_SIGN_ENTITLEMENTS = FarCooler/FarCooler.entitlements;
				ENABLE_USER_SCRIPT_SANDBOXING = NO;
				OTHER_LDFLAGS = "-lc++";
				SWIFT_INCLUDE_PATHS = "$(BUILT_PRODUCTS_DIR)/include/vt $(BUILT_PRODUCTS_DIR)/include/client";
				HEADER_SEARCH_PATHS = "$(BUILT_PRODUCTS_DIR)/include/**";
				ASSETCATALOG_COMPILER_APPICON_NAME = AppIcon;
			};
			name = Debug;
		};
		33C729E7BC50562081AFF17F /* Release */ = {
			isa = XCBuildConfiguration;
			buildSettings = {
				MARKETING_VERSION = 0.1.0;
				FARCOOLER_CHANNEL = local;
				FARCOOLER_URL_SCHEME = "farcooler-local";
				FARCOOLER_APP_NAME = "FC Local";
				FARCOOLER_DISPLAY_VERSION = "0.1.0 (local bd70753)";
				FARCOOLER_WORKOS_CLIENT_ID = "client_01M03N3DFQNDCK819XSRTK2FJD";
				FARCOOLER_APP_GROUP = group.com.farcooler.ios.local;
				CURRENT_PROJECT_VERSION = 446;
				PRODUCT_NAME = FarCooler;
				PRODUCT_BUNDLE_IDENTIFIER = com.farcooler.ios.local;
				INFOPLIST_FILE = FarCooler/Info.plist;
				CODE_SIGN_STYLE = Manual;
				CODE_SIGN_IDENTITY = "-";
				CODE_SIGNING_ALLOWED = YES;
				CODE_SIGNING_REQUIRED = NO;
				CODE_SIGN_ENTITLEMENTS = FarCooler/FarCooler.entitlements;
				ENABLE_USER_SCRIPT_SANDBOXING = NO;
				OTHER_LDFLAGS = "-lc++";
				SWIFT_INCLUDE_PATHS = "$(BUILT_PRODUCTS_DIR)/include/vt $(BUILT_PRODUCTS_DIR)/include/client";
				HEADER_SEARCH_PATHS = "$(BUILT_PRODUCTS_DIR)/include/**";
				ASSETCATALOG_COMPILER_APPICON_NAME = AppIcon;
			};
			name = Release;
		};
		3BAB684FE4795172873CF9FB /* Debug */ = {
			isa = XCBuildConfiguration;
			buildSettings = {
				MARKETING_VERSION = 0.1.0;
				CURRENT_PROJECT_VERSION = 446;
				FARCOOLER_APP_NAME = "FC Local";
				FARCOOLER_APP_GROUP = group.com.farcooler.ios.local;
				FARCOOLER_URL_SCHEME = "farcooler-local";
				PRODUCT_NAME = FarCoolerActivity;
				PRODUCT_BUNDLE_IDENTIFIER = com.farcooler.ios.local.activity;
				INFOPLIST_FILE = FarCoolerActivity/Info.plist;
				CODE_SIGN_STYLE = Manual;
				CODE_SIGN_IDENTITY = "-";
				CODE_SIGNING_ALLOWED = YES;
				CODE_SIGNING_REQUIRED = NO;
				CODE_SIGN_ENTITLEMENTS = FarCoolerActivity/FarCoolerActivity.entitlements;
				SKIP_INSTALL = YES;
			};
			name = Debug;
		};
		1E0B32246E525CB29AA3C470 /* Release */ = {
			isa = XCBuildConfiguration;
			buildSettings = {
				MARKETING_VERSION = 0.1.0;
				CURRENT_PROJECT_VERSION = 446;
				FARCOOLER_APP_NAME = "FC Local";
				FARCOOLER_APP_GROUP = group.com.farcooler.ios.local;
				FARCOOLER_URL_SCHEME = "farcooler-local";
				PRODUCT_NAME = FarCoolerActivity;
				PRODUCT_BUNDLE_IDENTIFIER = com.farcooler.ios.local.activity;
				INFOPLIST_FILE = FarCoolerActivity/Info.plist;
				CODE_SIGN_STYLE = Manual;
				CODE_SIGN_IDENTITY = "-";
				CODE_SIGNING_ALLOWED = YES;
				CODE_SIGNING_REQUIRED = NO;
				CODE_SIGN_ENTITLEMENTS = FarCoolerActivity/FarCoolerActivity.entitlements;
				SKIP_INSTALL = YES;
			};
			name = Release;
		};
		A6949E1267445F41BE517E64 /* Debug */ = {
			isa = XCBuildConfiguration;
			buildSettings = {
				MARKETING_VERSION = 0.1.0;
				CURRENT_PROJECT_VERSION = 446;
				FARCOOLER_APP_NAME = "FC Local";
				FARCOOLER_APP_GROUP = group.com.farcooler.ios.local;
				PRODUCT_NAME = FarCoolerNotify;
				PRODUCT_BUNDLE_IDENTIFIER = com.farcooler.ios.local.notify;
				INFOPLIST_FILE = FarCoolerNotify/Info.plist;
				CODE_SIGN_ENTITLEMENTS = FarCoolerNotify/FarCoolerNotify.entitlements;
				CODE_SIGN_STYLE = Manual;
				CODE_SIGN_IDENTITY = "-";
				CODE_SIGNING_ALLOWED = YES;
				CODE_SIGNING_REQUIRED = NO;
				SKIP_INSTALL = YES;
			};
			name = Debug;
		};
		8BAA6C4D4C1758DBAC653AF7 /* Release */ = {
			isa = XCBuildConfiguration;
			buildSettings = {
				MARKETING_VERSION = 0.1.0;
				CURRENT_PROJECT_VERSION = 446;
				FARCOOLER_APP_NAME = "FC Local";
				FARCOOLER_APP_GROUP = group.com.farcooler.ios.local;
				PRODUCT_NAME = FarCoolerNotify;
				PRODUCT_BUNDLE_IDENTIFIER = com.farcooler.ios.local.notify;
				INFOPLIST_FILE = FarCoolerNotify/Info.plist;
				CODE_SIGN_ENTITLEMENTS = FarCoolerNotify/FarCoolerNotify.entitlements;
				CODE_SIGN_STYLE = Manual;
				CODE_SIGN_IDENTITY = "-";
				CODE_SIGNING_ALLOWED = YES;
				CODE_SIGNING_REQUIRED = NO;
				SKIP_INSTALL = YES;
			};
			name = Release;
		};
		87B9D81239E458A8B2F5B628 /* Debug */ = {
			isa = XCBuildConfiguration;
			buildSettings = {
				MARKETING_VERSION = 0.1.0;
				CURRENT_PROJECT_VERSION = 446;
				FARCOOLER_APP_NAME = "FC Local";
				FARCOOLER_APP_GROUP = group.com.farcooler.ios.local;
				PRODUCT_NAME = FarCoolerWatch;
				PRODUCT_BUNDLE_IDENTIFIER = com.farcooler.ios.local.watchkitapp;
				SDKROOT = watchos;
				WATCHOS_DEPLOYMENT_TARGET = 26.0;
				TARGETED_DEVICE_FAMILY = 4;
				GENERATE_INFOPLIST_FILE = YES;
				INFOPLIST_FILE = FarCoolerWatch/Info.plist;
				INFOPLIST_KEY_WKCompanionAppBundleIdentifier = com.farcooler.ios.local;
				INFOPLIST_KEY_CFBundleDisplayName = "FC Local";
				CODE_SIGN_ENTITLEMENTS = FarCoolerWatch/FarCoolerWatch.entitlements;
				CODE_SIGN_STYLE = Manual;
				CODE_SIGN_IDENTITY = "-";
				CODE_SIGNING_ALLOWED = YES;
				CODE_SIGNING_REQUIRED = NO;
				ASSETCATALOG_COMPILER_APPICON_NAME = AppIcon;
				SKIP_INSTALL = YES;
			};
			name = Debug;
		};
		0E0399E6C55258969D7BF071 /* Release */ = {
			isa = XCBuildConfiguration;
			buildSettings = {
				MARKETING_VERSION = 0.1.0;
				CURRENT_PROJECT_VERSION = 446;
				FARCOOLER_APP_NAME = "FC Local";
				FARCOOLER_APP_GROUP = group.com.farcooler.ios.local;
				PRODUCT_NAME = FarCoolerWatch;
				PRODUCT_BUNDLE_IDENTIFIER = com.farcooler.ios.local.watchkitapp;
				SDKROOT = watchos;
				WATCHOS_DEPLOYMENT_TARGET = 26.0;
				TARGETED_DEVICE_FAMILY = 4;
				GENERATE_INFOPLIST_FILE = YES;
				INFOPLIST_FILE = FarCoolerWatch/Info.plist;
				INFOPLIST_KEY_WKCompanionAppBundleIdentifier = com.farcooler.ios.local;
				INFOPLIST_KEY_CFBundleDisplayName = "FC Local";
				CODE_SIGN_ENTITLEMENTS = FarCoolerWatch/FarCoolerWatch.entitlements;
				CODE_SIGN_STYLE = Manual;
				CODE_SIGN_IDENTITY = "-";
				CODE_SIGNING_ALLOWED = YES;
				CODE_SIGNING_REQUIRED = NO;
				ASSETCATALOG_COMPILER_APPICON_NAME = AppIcon;
				SKIP_INSTALL = YES;
			};
			name = Release;
		};
		0AD77F6194585A1AB9FA9FDD /* Debug */ = {
			isa = XCBuildConfiguration;
			buildSettings = {
				MARKETING_VERSION = 0.1.0;
				CURRENT_PROJECT_VERSION = 446;
				FARCOOLER_APP_NAME = "FC Local";
				FARCOOLER_APP_GROUP = group.com.farcooler.ios.local;
				PRODUCT_NAME = FarCoolerWatchWidgets;
				PRODUCT_BUNDLE_IDENTIFIER = com.farcooler.ios.local.watchkitapp.widgets;
				SDKROOT = watchos;
				WATCHOS_DEPLOYMENT_TARGET = 26.0;
				TARGETED_DEVICE_FAMILY = 4;
				GENERATE_INFOPLIST_FILE = YES;
				INFOPLIST_FILE = FarCoolerWatchWidgets/Info.plist;
				INFOPLIST_KEY_CFBundleDisplayName = "FC Local";
				CODE_SIGN_ENTITLEMENTS = FarCoolerWatchWidgets/FarCoolerWatchWidgets.entitlements;
				CODE_SIGN_STYLE = Manual;
				CODE_SIGN_IDENTITY = "-";
				CODE_SIGNING_ALLOWED = YES;
				CODE_SIGNING_REQUIRED = NO;
				SKIP_INSTALL = YES;
			};
			name = Debug;
		};
		8135375F1ADF5E339DA5BAD5 /* Release */ = {
			isa = XCBuildConfiguration;
			buildSettings = {
				MARKETING_VERSION = 0.1.0;
				CURRENT_PROJECT_VERSION = 446;
				FARCOOLER_APP_NAME = "FC Local";
				FARCOOLER_APP_GROUP = group.com.farcooler.ios.local;
				PRODUCT_NAME = FarCoolerWatchWidgets;
				PRODUCT_BUNDLE_IDENTIFIER = com.farcooler.ios.local.watchkitapp.widgets;
				SDKROOT = watchos;
				WATCHOS_DEPLOYMENT_TARGET = 26.0;
				TARGETED_DEVICE_FAMILY = 4;
				GENERATE_INFOPLIST_FILE = YES;
				INFOPLIST_FILE = FarCoolerWatchWidgets/Info.plist;
				INFOPLIST_KEY_CFBundleDisplayName = "FC Local";
				CODE_SIGN_ENTITLEMENTS = FarCoolerWatchWidgets/FarCoolerWatchWidgets.entitlements;
				CODE_SIGN_STYLE = Manual;
				CODE_SIGN_IDENTITY = "-";
				CODE_SIGNING_ALLOWED = YES;
				CODE_SIGNING_REQUIRED = NO;
				SKIP_INSTALL = YES;
			};
			name = Release;
		};
		94B4E64211BA5BD080E9CF90 /* Debug */ = {
			isa = XCBuildConfiguration;
			buildSettings = {
				PRODUCT_NAME = "$(TARGET_NAME)";
				PRODUCT_BUNDLE_IDENTIFIER = com.farcooler.ios.local.uitests;
				GENERATE_INFOPLIST_FILE = YES;
				TEST_TARGET_NAME = FarCooler;
				LD_RUNPATH_SEARCH_PATHS = "$(inherited) @executable_path/Frameworks @loader_path/Frameworks";
				CODE_SIGN_STYLE = Manual;
				CODE_SIGN_IDENTITY = "-";
				CODE_SIGNING_ALLOWED = YES;
				CODE_SIGNING_REQUIRED = NO;
				SKIP_INSTALL = YES;
			};
			name = Debug;
		};
		480F9DC175FC59DCB08DFB97 /* Release */ = {
			isa = XCBuildConfiguration;
			buildSettings = {
				PRODUCT_NAME = "$(TARGET_NAME)";
				PRODUCT_BUNDLE_IDENTIFIER = com.farcooler.ios.local.uitests;
				GENERATE_INFOPLIST_FILE = YES;
				TEST_TARGET_NAME = FarCooler;
				LD_RUNPATH_SEARCH_PATHS = "$(inherited) @executable_path/Frameworks @loader_path/Frameworks";
				CODE_SIGN_STYLE = Manual;
				CODE_SIGN_IDENTITY = "-";
				CODE_SIGNING_ALLOWED = YES;
				CODE_SIGNING_REQUIRED = NO;
				SKIP_INSTALL = YES;
			};
			name = Release;
		};
/* End XCBuildConfiguration section */

/* Begin XCConfigurationList section */
		1ECFBC020B595330B018024C = {
			isa = XCConfigurationList;
			buildConfigurations = (
				2EBE0EF96A0C526B823D2657 /* Debug */,
				E89569D3C9195F7AA17C2D63 /* Release */,
			);
			defaultConfigurationIsVisible = 0;
			defaultConfigurationName = Release;
		};
		227E65BEEF00503E8D9EBBEB = {
			isa = XCConfigurationList;
			buildConfigurations = (
				FE785DA885045FADB511F3CE /* Debug */,
				33C729E7BC50562081AFF17F /* Release */,
			);
			defaultConfigurationIsVisible = 0;
			defaultConfigurationName = Release;
		};
		5D3B47E2686157CF8B6BC2D6 = {
			isa = XCConfigurationList;
			buildConfigurations = (
				3BAB684FE4795172873CF9FB /* Debug */,
				1E0B32246E525CB29AA3C470 /* Release */,
			);
			defaultConfigurationIsVisible = 0;
			defaultConfigurationName = Release;
		};
		45847D70680552B5BCD02FA6 = {
			isa = XCConfigurationList;
			buildConfigurations = (
				A6949E1267445F41BE517E64 /* Debug */,
				8BAA6C4D4C1758DBAC653AF7 /* Release */,
			);
			defaultConfigurationIsVisible = 0;
			defaultConfigurationName = Release;
		};
		2687CC6DEB8C560CA27F0330 = {
			isa = XCConfigurationList;
			buildConfigurations = (
				87B9D81239E458A8B2F5B628 /* Debug */,
				0E0399E6C55258969D7BF071 /* Release */,
			);
			defaultConfigurationIsVisible = 0;
			defaultConfigurationName = Release;
		};
		C8E0B70B968852A798A887FA = {
			isa = XCConfigurationList;
			buildConfigurations = (
				0AD77F6194585A1AB9FA9FDD /* Debug */,
				8135375F1ADF5E339DA5BAD5 /* Release */,
			);
			defaultConfigurationIsVisible = 0;
			defaultConfigurationName = Release;
		};
		69D2C7568A4359CAA8D3CC7D = {
			isa = XCConfigurationList;
			buildConfigurations = (
				94B4E64211BA5BD080E9CF90 /* Debug */,
				480F9DC175FC59DCB08DFB97 /* Release */,
			);
			defaultConfigurationIsVisible = 0;
			defaultConfigurationName = Release;
		};
/* End XCConfigurationList section */
	};
	rootObject = C9A7D3CE0F735C64936BDAE6 /* Project object */;
}
